// !$*UTF8*$!
{
	archiveVersion = 1;
	classes = {
	};
	objectVersion = 46;
	objects = {

/* Begin PBXBuildFile section */
		507D7D88168C2D3900556030 /* UIKit.framework in Frameworks */ = {isa = PBXBuildFile; fileRef = 507D7D87168C2D3900556030 /* UIKit.framework */; };
		507D7D8A168C2D3900556030 /* Foundation.framework in Frameworks */ = {isa = PBXBuildFile; fileRef = 507D7D89168C2D3900556030 /* Foundation.framework */; };
		507D7D8C168C2D3900556030 /* CoreGraphics.framework in Frameworks */ = {isa = PBXBuildFile; fileRef = 507D7D8B168C2D3900556030 /* CoreGraphics.framework */; };
		507D7D92168C2D3900556030 /* InfoPlist.strings in Resources */ = {isa = PBXBuildFile; fileRef = 507D7D90168C2D3900556030 /* InfoPlist.strings */; };
		507D7D94168C2D3900556030 /* main.m in Sources */ = {isa = PBXBuildFile; fileRef = 507D7D93168C2D3900556030 /* main.m */; };
		507D7D98168C2D3900556030 /* AppDelegate.m in Sources */ = {isa = PBXBuildFile; fileRef = 507D7D97168C2D3900556030 /* AppDelegate.m */; };
		507D7D9A168C2D3900556030 /* Default.png in Resources */ = {isa = PBXBuildFile; fileRef = 507D7D99168C2D3900556030 /* Default.png */; };
		507D7D9C168C2D3900556030 /* Default@2x.png in Resources */ = {isa = PBXBuildFile; fileRef = 507D7D9B168C2D3900556030 /* Default@2x.png */; };
		507D7D9E168C2D3900556030 /* Default-568h@2x.png in Resources */ = {isa = PBXBuildFile; fileRef = 507D7D9D168C2D3900556030 /* Default-568h@2x.png */; };
		507D7DA1168C2D3900556030 /* ViewController.m in Sources */ = {isa = PBXBuildFile; fileRef = 507D7DA0168C2D3900556030 /* ViewController.m */; };
		507D7DA4168C2D3900556030 /* ViewController_iPhone.xib in Resources */ = {isa = PBXBuildFile; fileRef = 507D7DA2168C2D3900556030 /* ViewController_iPhone.xib */; };
		507D7DA7168C2D3900556030 /* ViewController_iPad.xib in Resources */ = {isa = PBXBuildFile; fileRef = 507D7DA5168C2D3900556030 /* ViewController_iPad.xib */; };
		507D7DAF168C2DC100556030 /* drawingView.m in Sources */ = {isa = PBXBuildFile; fileRef = 507D7DAE168C2DC100556030 /* drawingView.m */; };
/* End PBXBuildFile section */

/* Begin PBXFileReference section */
		507D7D83168C2D3900556030 /* SimpleBezierDrawing.app */ = {isa = PBXFileReference; explicitFileType = wrapper.application; includeInIndex = 0; path = SimpleBezierDrawing.app; sourceTree = BUILT_PRODUCTS_DIR; };
		507D7D87168C2D3900556030 /* UIKit.framework */ = {isa = PBXFileReference; lastKnownFileType = wrapper.framework; name = UIKit.framework; path = System/Library/Frameworks/UIKit.framework; sourceTree = SDKROOT; };
		507D7D89168C2D3900556030 /* Foundation.framework */ = {isa = PBXFileReference; lastKnownFileType = wrapper.framework; name = Foundation.framework; path = System/Library/Frameworks/Foundation.framework; sourceTree = SDKROOT; };
		507D7D8B168C2D3900556030 /* CoreGraphics.framework */ = {isa = PBXFileReference; lastKnownFileType = wrapper.framework; name = CoreGraphics.framework; path = System/Library/Frameworks/CoreGraphics.framework; sourceTree = SDKROOT; };
		507D7D8F168C2D3900556030 /* SimpleBezierDrawing-Info.plist */ = {isa = PBXFileReference; lastKnownFileType = text.plist.xml; path = "SimpleBezierDrawing-Info.plist"; sourceTree = "<group>"; };
		507D7D91168C2D3900556030 /* en */ = {isa = PBXFileReference; lastKnownFileType = text.plist.strings; name = en; path = en.lproj/InfoPlist.strings; sourceTree = "<group>"; };
		507D7D93168C2D3900556030 /* main.m */ = {isa = PBXFileReference; lastKnownFileType = sourcecode.c.objc; path = main.m; sourceTree = "<group>"; };
		507D7D95168C2D3900556030 /* SimpleBezierDrawing-Prefix.pch */ = {isa = PBXFileReference; lastKnownFileType = sourcecode.c.h; path = "SimpleBezierDrawing-Prefix.pch"; sourceTree = "<group>"; };
		507D7D96168C2D3900556030 /* AppDelegate.h */ = {isa = PBXFileReference; lastKnownFileType = sourcecode.c.h; path = AppDelegate.h; sourceTree = "<group>"; };
		507D7D97168C2D3900556030 /* AppDelegate.m */ = {isa = PBXFileReference; lastKnownFileType = sourcecode.c.objc; path = AppDelegate.m; sourceTree = "<group>"; };
		507D7D99168C2D3900556030 /* Default.png */ = {isa = PBXFileReference; lastKnownFileType = image.png; path = Default.png; sourceTree = "<group>"; };
		507D7D9B168C2D3900556030 /* Default@2x.png */ = {isa = PBXFileReference; lastKnownFileType = image.png; path = "Default@2x.png"; sourceTree = "<group>"; };
		507D7D9D168C2D3900556030 /* Default-568h@2x.png */ = {isa = PBXFileReference; lastKnownFileType = image.png; path = "Default-568h@2x.png"; sourceTree = "<group>"; };
		507D7D9F168C2D3900556030 /* ViewController.h */ = {isa = PBXFileReference; lastKnownFileType = sourcecode.c.h; path = ViewController.h; sourceTree = "<group>"; };
		507D7DA0168C2D3900556030 /* ViewController.m */ = {isa = PBXFileReference; lastKnownFileType = sourcecode.c.objc; path = ViewController.m; sourceTree = "<group>"; };
		507D7DA3168C2D3900556030 /* en */ = {isa = PBXFileReference; lastKnownFileType = file.xib; name = en; path = en.lproj/ViewController_iPhone.xib; sourceTree = "<group>"; };
		507D7DA6168C2D3900556030 /* en */ = {isa = PBXFileReference; lastKnownFileType = file.xib; name = en; path = en.lproj/ViewController_iPad.xib; sourceTree = "<group>"; };
		507D7DAD168C2DC100556030 /* drawingView.h */ = {isa = PBXFileReference; fileEncoding = 4; lastKnownFileType = sourcecode.c.h; name = drawingView.h; path = testingDrawing/drawingView.h; sourceTree = "<group>"; };
		507D7DAE168C2DC100556030 /* drawingView.m */ = {isa = PBXFileReference; fileEncoding = 4; lastKnownFileType = sourcecode.c.objc; name = drawingView.m; path = testingDrawing/drawingView.m; sourceTree = "<group>"; };
/* End PBXFileReference section */

/* Begin PBXFrameworksBuildPhase section */
		507D7D80168C2D3900556030 /* Frameworks */ = {
			isa = PBXFrameworksBuildPhase;
			buildActionMask = 2147483647;
			files = (
				507D7D88168C2D3900556030 /* UIKit.framework in Frameworks */,
				507D7D8A168C2D3900556030 /* Foundation.framework in Frameworks */,
				507D7D8C168C2D3900556030 /* CoreGraphics.framework in Frameworks */,
			);
			runOnlyForDeploymentPostprocessing = 0;
		};
/* End PBXFrameworksBuildPhase section */

/* Begin PBXGroup section */
		507D7D78168C2D3900556030 = {
			isa = PBXGroup;
			children = (
				507D7DAD168C2DC100556030 /* drawingView.h */,
				507D7DAE168C2DC100556030 /* drawingView.m */,
				507D7D8D168C2D3900556030 /* Classes */,
				507D7D86168C2D3900556030 /* Frameworks */,
				507D7D84168C2D3900556030 /* Products */,
			);
			sourceTree = "<group>";
		};
		507D7D84168C2D3900556030 /* Products */ = {
			isa = PBXGroup;
			children = (
				507D7D83168C2D3900556030 /* SimpleBezierDrawing.app */,
			);
			name = Products;
			sourceTree = "<group>";
		};
		507D7D86168C2D3900556030 /* Frameworks */ = {
			isa = PBXGroup;
			children = (
				507D7D87168C2D3900556030 /* UIKit.framework */,
				507D7D89168C2D3900556030 /* Foundation.framework */,
				507D7D8B168C2D3900556030 /* CoreGraphics.framework */,
			);
			name = Frameworks;
			sourceTree = "<group>";
		};
		507D7D8D168C2D3900556030 /* Classes */ = {
			isa = PBXGroup;
			children = (
				507D7D96168C2D3900556030 /* AppDelegate.h */,
				507D7D97168C2D3900556030 /* AppDelegate.m */,
				507D7D9F168C2D3900556030 /* ViewController.h */,
				507D7DA0168C2D3900556030 /* ViewController.m */,
				507D7DA2168C2D3900556030 /* ViewController_iPhone.xib */,
				507D7DA5168C2D3900556030 /* ViewController_iPad.xib */,
				507D7D8E168C2D3900556030 /* Supporting Files */,
			);
			name = Classes;
			path = testingDrawing;
			sourceTree = "<group>";
		};
		507D7D8E168C2D3900556030 /* Supporting Files */ = {
			isa = PBXGroup;
			children = (
				507D7D8F168C2D3900556030 /* SimpleBezierDrawing-Info.plist */,
				507D7D90168C2D3900556030 /* InfoPlist.strings */,
				507D7D93168C2D3900556030 /* main.m */,
				507D7D95168C2D3900556030 /* SimpleBezierDrawing-Prefix.pch */,
				507D7D99168C2D3900556030 /* Default.png */,
				507D7D9B168C2D3900556030 /* Default@2x.png */,
				507D7D9D168C2D3900556030 /* Default-568h@2x.png */,
			);
			name = "Supporting Files";
			sourceTree = "<group>";
		};
/* End PBXGroup section */

/* Begin PBXNativeTarget section */
		507D7D82168C2D3900556030 /* SimpleBezierDrawing */ = {
			isa = PBXNativeTarget;
			buildConfigurationList = 507D7DAA168C2D3900556030 /* Build configuration list for PBXNativeTarget "SimpleBezierDrawing" */;
			buildPhases = (
				507D7D7F168C2D3900556030 /* Sources */,
				507D7D80168C2D3900556030 /* Frameworks */,
				507D7D81168C2D3900556030 /* Resources */,
			);
			buildRules = (
			);
			dependencies = (
			);
			name = SimpleBezierDrawing;
			productName = testingDrawing;
			productReference = 507D7D83168C2D3900556030 /* SimpleBezierDrawing.app */;
			productType = "com.apple.product-type.application";
		};
/* End PBXNativeTarget section */

/* Begin PBXProject section */
		507D7D7A168C2D3900556030 /* Project object */ = {
			isa = PBXProject;
			attributes = {
				LastUpgradeCheck = 0450;
				ORGANIZATIONNAME = ss;
			};
			buildConfigurationList = 507D7D7D168C2D3900556030 /* Build configuration list for PBXProject "SimpleBezierDrawing" */;
			compatibilityVersion = "Xcode 3.2";
			developmentRegion = English;
			hasScannedForEncodings = 0;
			knownRegions = (
				en,
			);
			mainGroup = 507D7D78168C2D3900556030;
			productRefGroup = 507D7D84168C2D3900556030 /* Products */;
			projectDirPath = "";
			projectRoot = "";
			targets = (
				507D7D82168C2D3900556030 /* SimpleBezierDrawing */,
			);
		};
/* End PBXProject section */

/* Begin PBXResourcesBuildPhase section */
		507D7D81168C2D3900556030 /* Resources */ = {
			isa = PBXResourcesBuildPhase;
			buildActionMask = 2147483647;
			files = (
				507D7D92168C2D3900556030 /* InfoPlist.strings in Resources */,
				507D7D9A168C2D3900556030 /* Default.png in Resources */,
				507D7D9C168C2D3900556030 /* Default@2x.png in Resources */,
				507D7D9E168C2D3900556030 /* Default-568h@2x.png in Resources */,
				507D7DA4168C2D3900556030 /* ViewController_iPhone.xib in Resources */,
				507D7DA7168C2D3900556030 /* ViewController_iPad.xib in Resources */,
			);
			runOnlyForDeploymentPostprocessing = 0;
		};
/* End PBXResourcesBuildPhase section */

/* Begin PBXSourcesBuildPhase section */
		507D7D7F168C2D3900556030 /* Sources */ = {
			isa = PBXSourcesBuildPhase;
			buildActionMask = 2147483647;
			files = (
				507D7D94168C2D3900556030 /* main.m in Sources */,
				507D7D98168C2D3900556030 /* AppDelegate.m in Sources */,
				507D7DA1168C2D3900556030 /* ViewController.m in Sources */,
				507D7DAF168C2DC100556030 /* drawingView.m in Sources */,
			);
			runOnlyForDeploymentPostprocessing = 0;
		};
/* End PBXSourcesBuildPhase section */

/* Begin PBXVariantGroup section */
		507D7D90168C2D3900556030 /* InfoPlist.strings */ = {
			isa = PBXVariantGroup;
			children = (
				507D7D91168C2D3900556030 /* en */,
			);
			name = InfoPlist.strings;
			sourceTree = "<group>";
		};
		507D7DA2168C2D3900556030 /* ViewController_iPhone.xib */ = {
			isa = PBXVariantGroup;
			children = (
				507D7DA3168C2D3900556030 /* en */,
			);
			name = ViewController_iPhone.xib;
			sourceTree = "<group>";
		};
		507D7DA5168C2D3900556030 /* ViewController_iPad.xib */ = {
			isa = PBXVariantGroup;
			children = (
				507D7DA6168C2D3900556030 /* en */,
			);
			name = ViewController_iPad.xib;
			sourceTree = "<group>";
		};
/* End PBXVariantGroup section */

/* Begin XCBuildConfiguration section */
		507D7DA8168C2D3900556030 /* Debug */ = {
			isa = XCBuildConfiguration;
			buildSettings = {
				ALWAYS_SEARCH_USER_PATHS = NO;
				CLANG_CXX_LANGUAGE_STANDARD = "gnu++0x";
				CLANG_CXX_LIBRARY = "libc++";
				CLANG_WARN_EMPTY_BODY = YES;
				CLANG_WARN__DUPLICATE_METHOD_MATCH = YES;
				"CODE_SIGN_IDENTITY[sdk=iphoneos*]" = "";
				COPY_PHASE_STRIP = NO;
				GCC_C_LANGUAGE_STANDARD = gnu99;
				GCC_DYNAMIC_NO_PIC = NO;
				GCC_OPTIMIZATION_LEVEL = 0;
				GCC_PREPROCESSOR_DEFINITIONS = (
					"DEBUG=1",
					"$(inherited)",
				);
				GCC_SYMBOLS_PRIVATE_EXTERN = NO;
				GCC_WARN_ABOUT_RETURN_TYPE = YES;
				GCC_WARN_UNINITIALIZED_AUTOS = YES;
				GCC_WARN_UNUSED_VARIABLE = YES;
				IPHONEOS_DEPLOYMENT_TARGET = 4.3;
				SDKROOT = iphoneos;
				TARGETED_DEVICE_FAMILY = "1,2";
			};
			name = Debug;
		};
		507D7DA9168C2D3900556030 /* Release */ = {
			isa = XCBuildConfiguration;
			buildSettings = {
				ALWAYS_SEARCH_USER_PATHS = NO;
				CLANG_CXX_LANGUAGE_STANDARD = "gnu++0x";
				CLANG_CXX_LIBRARY = "libc++";
				CLANG_WARN_EMPTY_BODY = YES;
				CLANG_WARN__DUPLICATE_METHOD_MATCH = YES;
				"CODE_SIGN_IDENTITY[sdk=iphoneos*]" = "";
				COPY_PHASE_STRIP = YES;
				GCC_C_LANGUAGE_STANDARD = gnu99;
				GCC_WARN_ABOUT_RETURN_TYPE = YES;
				GCC_WARN_UNINITIALIZED_AUTOS = YES;
				GCC_WARN_UNUSED_VARIABLE = YES;
				IPHONEOS_DEPLOYMENT_TARGET = 4.3;
				OTHER_CFLAGS = "-DNS_BLOCK_ASSERTIONS=1";
				SDKROOT = iphoneos;
				TARGETED_DEVICE_FAMILY = "1,2";
				VALIDATE_PRODUCT = YES;
			};
			name = Release;
		};
		507D7DAB168C2D3900556030 /* Debug */ = {
			isa = XCBuildConfiguration;
			buildSettings = {
				CODE_SIGN_IDENTITY = "";
				"CODE_SIGN_IDENTITY[sdk=iphoneos*]" = "";
				GCC_PRECOMPILE_PREFIX_HEADER = YES;
				GCC_PREFIX_HEADER = "testingDrawing/SimpleBezierDrawing-Prefix.pch";
				INFOPLIST_FILE = "testingDrawing/SimpleBezierDrawing-Info.plist";
				PRODUCT_NAME = SimpleBezierDrawing;
				WRAPPER_EXTENSION = app;
			};
			name = Debug;
		};
		507D7DAC168C2D3900556030 /* Release */ = {
			isa = XCBuildConfiguration;
			buildSettings = {
				CODE_SIGN_IDENTITY = "";
				"CODE_SIGN_IDENTITY[sdk=iphoneos*]" = "";
				GCC_PRECOMPILE_PREFIX_HEADER = YES;
				GCC_PREFIX_HEADER = "testingDrawing/SimpleBezierDrawing-Prefix.pch";
				INFOPLIST_FILE = "testingDrawing/SimpleBezierDrawing-Info.plist";
				PRODUCT_NAME = SimpleBezierDrawing;
				WRAPPER_EXTENSION = app;
			};
			name = Release;
		};
/* End XCBuildConfiguration section */

/* Begin XCConfigurationList section */
		507D7D7D168C2D3900556030 /* Build configuration list for PBXProject "SimpleBezierDrawing" */ = {
			isa = XCConfigurationList;
			buildConfigurations = (
				507D7DA8168C2D3900556030 /* Debug */,
				507D7DA9168C2D3900556030 /* Release */,
			);
			defaultConfigurationIsVisible = 0;
			defaultConfigurationName = Release;
		};
		507D7DAA168C2D3900556030 /* Build configuration list for PBXNativeTarget "SimpleBezierDrawing" */ = {
			isa = XCConfigurationList;
			buildConfigurations = (
				507D7DAB168C2D3900556030 /* Debug */,
				507D7DAC168C2D3900556030 /* Release */,
			);
			defaultConfigurationIsVisible = 0;
			defaultConfigurationName = Release;
		};
/* End XCConfigurationList section */
	};
	rootObject = 507D7D7A168C2D3900556030 /* Project object */;
}
